
Microsoft Visual Studio Solution File, Format Version 12.00
# Visual Studio Version 16
VisualStudioVersion = 16.0.32106.194
MinimumVisualStudioVersion = 10.0.40219.1
Project("{FAE04EC0-301F-11D3-BF4B-00C04F79EFBC}") = "Contacts", "Contacts\Contacts.csproj", "{EE00C53B-5986-4EB0-9290-292081530C01}"
EndProject
Global
	GlobalSection(SolutionConfigurationPlatforms) = preSolution
		Debug|Any CPU = Debug|Any CPU
		Release|Any CPU = Release|Any CPU
	EndGlobalSection
	GlobalSection(ProjectConfigurationPlatforms) = postSolution
		{EE00C53B-5986-4EB0-9290-292081530C01}.Debug|Any CPU.ActiveCfg = Debug|Any CPU
		{EE00C53B-5986-4EB0-9290-292081530C01}.Debug|Any CPU.Build.0 = Debug|Any CPU
		{EE00C53B-5986-4EB0-9290-292081530C01}.Release|Any CPU.ActiveCfg = Release|Any CPU
		{EE00C53B-5986-4EB0-9290-292081530C01}.Release|Any CPU.Build.0 = Release|Any CPU
	EndGlobalSection
	GlobalSection(SolutionProperties) = preSolution
		HideSolutionNode = FALSE
	EndGlobalSection
	GlobalSection(ExtensibilityGlobals) = postSolution
		SolutionGuid = {189D31A1-F7CC-47EA-91D1-2BDB160E2052}
	EndGlobalSection
EndGlobal
